// !$*UTF8*$!
{
	archiveVersion = 1;
	classes = {
	};
	objectVersion = 56;
	objects = {

/* Begin PBXBuildFile section */
		70AC5FF52A45C99A00467F2C /* AppDelegate.swift in Sources */ = {isa = PBXBuildFile; fileRef = 70AC5FF42A45C99A00467F2C /* AppDelegate.swift */; };
		70AC5FF72A45C99A00467F2C /* SceneDelegate.swift in Sources */ = {isa = PBXBuildFile; fileRef = 70AC5FF62A45C99A00467F2C /* SceneDelegate.swift */; };
		70AC5FF92A45C99A00467F2C /* DetailViewController.swift in Sources */ = {isa = PBXBuildFile; fileRef = 70AC5FF82A45C99A00467F2C /* DetailViewController.swift */; };
		70AC5FFF2A45C99B00467F2C /* MovieDatabase.xcdatamodeld in Sources */ = {isa = PBXBuildFile; fileRef = 70AC5FFD2A45C99B00467F2C /* MovieDatabase.xcdatamodeld */; };
		70AC60042A45C99B00467F2C /* LaunchScreen.storyboard in Resources */ = {isa = PBXBuildFile; fileRef = 70AC60022A45C99B00467F2C /* LaunchScreen.storyboard */; };
		70AC600F2A45C99B00467F2C /* MovieDatabaseTests.swift in Sources */ = {isa = PBXBuildFile; fileRef = 70AC600E2A45C99B00467F2C /* MovieDatabaseTests.swift */; };
		70AC60192A45C99C00467F2C /* MovieDatabaseUITests.swift in Sources */ = {isa = PBXBuildFile; fileRef = 70AC60182A45C99C00467F2C /* MovieDatabaseUITests.swift */; };
		70AC601B2A45C99C00467F2C /* MovieDatabaseUITestsLaunchTests.swift in Sources */ = {isa = PBXBuildFile; fileRef = 70AC601A2A45C99C00467F2C /* MovieDatabaseUITestsLaunchTests.swift */; };
		70AC60C52A45CD0200467F2C /* Colors.xcassets in Resources */ = {isa = PBXBuildFile; fileRef = 70AC60C22A45CD0200467F2C /* Colors.xcassets */; };
		70AC60C62A45CD0200467F2C /* Images.xcassets in Resources */ = {isa = PBXBuildFile; fileRef = 70AC60C32A45CD0200467F2C /* Images.xcassets */; };
		70AC60C72A45CD0200467F2C /* AppIcons.xcassets in Resources */ = {isa = PBXBuildFile; fileRef = 70AC60C42A45CD0200467F2C /* AppIcons.xcassets */; };
		70AC610B2A4629B100467F2C /* Images.swift in Sources */ = {isa = PBXBuildFile; fileRef = 70AC610A2A4629B100467F2C /* Images.swift */; };
		70AC610D2A4629E200467F2C /* Colors.swift in Sources */ = {isa = PBXBuildFile; fileRef = 70AC610C2A4629E200467F2C /* Colors.swift */; };
		70AC610F2A462A0800467F2C /* Font.swift in Sources */ = {isa = PBXBuildFile; fileRef = 70AC610E2A462A0800467F2C /* Font.swift */; };
		70AC61112A462BF800467F2C /* DetailView.swift in Sources */ = {isa = PBXBuildFile; fileRef = 70AC61102A462BF800467F2C /* DetailView.swift */; };
		70AC61142A462DC900467F2C /* SlideInPresentationAnimator.swift in Sources */ = {isa = PBXBuildFile; fileRef = 70AC61132A462DC900467F2C /* SlideInPresentationAnimator.swift */; };
		70AC61162A462E6400467F2C /* SlideInPresentationManager.swift in Sources */ = {isa = PBXBuildFile; fileRef = 70AC61152A462E6400467F2C /* SlideInPresentationManager.swift */; };
		70AC61182A462EBC00467F2C /* SlideInPresentationController.swift in Sources */ = {isa = PBXBuildFile; fileRef = 70AC61172A462EBC00467F2C /* SlideInPresentationController.swift */; };
		70AC611B2A462F1900467F2C /* CGFloat+Extension.swift in Sources */ = {isa = PBXBuildFile; fileRef = 70AC611A2A462F1900467F2C /* CGFloat+Extension.swift */; };
		70AC611E2A46383E00467F2C /* PresentationDirection.swift in Sources */ = {isa = PBXBuildFile; fileRef = 70AC611D2A46383E00467F2C /* PresentationDirection.swift */; };
		70AC61212A470DEC00467F2C /* MoviesViewController.swift in Sources */ = {isa = PBXBuildFile; fileRef = 70AC61202A470DEC00467F2C /* MoviesViewController.swift */; };
		70AC61242A470ED300467F2C /* TMDBService.swift in Sources */ = {isa = PBXBuildFile; fileRef = 70AC61232A470ED300467F2C /* TMDBService.swift */; };
		70AC61272A470EF300467F2C /* MovieRepository.swift in Sources */ = {isa = PBXBuildFile; fileRef = 70AC61262A470EF300467F2C /* MovieRepository.swift */; };
		70AC612A2A470F3F00467F2C /* Movie.swift in Sources */ = {isa = PBXBuildFile; fileRef = 70AC61292A470F3F00467F2C /* Movie.swift */; };
		70AC61302A47134D00467F2C /* NetworkError.swift in Sources */ = {isa = PBXBuildFile; fileRef = 70AC612F2A47134D00467F2C /* NetworkError.swift */; };
		70AC61322A47136200467F2C /* TMDBRepositoryEndPoint.swift in Sources */ = {isa = PBXBuildFile; fileRef = 70AC61312A47136200467F2C /* TMDBRepositoryEndPoint.swift */; };
		70AC61382A4714FF00467F2C /* Endpoint.swift in Sources */ = {isa = PBXBuildFile; fileRef = 70AC61372A4714FF00467F2C /* Endpoint.swift */; };
		70AC61422A4722FC00467F2C /* NetworkRouter.swift in Sources */ = {isa = PBXBuildFile; fileRef = 70AC61412A4722FC00467F2C /* NetworkRouter.swift */; };
		70AC61452A47299500467F2C /* MovieCell.swift in Sources */ = {isa = PBXBuildFile; fileRef = 70AC61442A47299500467F2C /* MovieCell.swift */; };
		70AC61482A472AE300467F2C /* MovieCellInfoView.swift in Sources */ = {isa = PBXBuildFile; fileRef = 70AC61472A472AE300467F2C /* MovieCellInfoView.swift */; };
		70AC614B2A47451400467F2C /* MoviesPresenter.swift in Sources */ = {isa = PBXBuildFile; fileRef = 70AC614A2A47451400467F2C /* MoviesPresenter.swift */; };
		70AC614E2A47469000467F2C /* MoviesViewInterface.swift in Sources */ = {isa = PBXBuildFile; fileRef = 70AC614D2A47469000467F2C /* MoviesViewInterface.swift */; };
		70AC61502A47471300467F2C /* MoviesPresenterInterface.swift in Sources */ = {isa = PBXBuildFile; fileRef = 70AC614F2A47471300467F2C /* MoviesPresenterInterface.swift */; };
		70AC61522A47578700467F2C /* Collection+Extension.swift in Sources */ = {isa = PBXBuildFile; fileRef = 70AC61512A47578700467F2C /* Collection+Extension.swift */; };
		70AC61572A47592500467F2C /* Constants.swift in Sources */ = {isa = PBXBuildFile; fileRef = 70AC61562A47592500467F2C /* Constants.swift */; };
		70AC61592A47678000467F2C /* MovieRepresentable.swift in Sources */ = {isa = PBXBuildFile; fileRef = 70AC61582A47678000467F2C /* MovieRepresentable.swift */; };
		70AC615C2A476AE400467F2C /* DateFormatter.swift in Sources */ = {isa = PBXBuildFile; fileRef = 70AC615B2A476AE400467F2C /* DateFormatter.swift */; };
/* End PBXBuildFile section */

/* Begin PBXContainerItemProxy section */
		70AC600B2A45C99B00467F2C /* PBXContainerItemProxy */ = {
			isa = PBXContainerItemProxy;
			containerPortal = 70AC5FE92A45C99A00467F2C /* Project object */;
			proxyType = 1;
			remoteGlobalIDString = 70AC5FF02A45C99A00467F2C;
			remoteInfo = MovieDatabase;
		};
		70AC60152A45C99C00467F2C /* PBXContainerItemProxy */ = {
			isa = PBXContainerItemProxy;
			containerPortal = 70AC5FE92A45C99A00467F2C /* Project object */;
			proxyType = 1;
			remoteGlobalIDString = 70AC5FF02A45C99A00467F2C;
			remoteInfo = MovieDatabase;
		};
/* End PBXContainerItemProxy section */

/* Begin PBXFileReference section */
		70AC5FF12A45C99A00467F2C /* MovieDatabase.app */ = {isa = PBXFileReference; explicitFileType = wrapper.application; includeInIndex = 0; path = MovieDatabase.app; sourceTree = BUILT_PRODUCTS_DIR; };
		70AC5FF42A45C99A00467F2C /* AppDelegate.swift */ = {isa = PBXFileReference; lastKnownFileType = sourcecode.swift; path = AppDelegate.swift; sourceTree = "<group>"; };
		70AC5FF62A45C99A00467F2C /* SceneDelegate.swift */ = {isa = PBXFileReference; lastKnownFileType = sourcecode.swift; path = SceneDelegate.swift; sourceTree = "<group>"; };
		70AC5FF82A45C99A00467F2C /* DetailViewController.swift */ = {isa = PBXFileReference; lastKnownFileType = sourcecode.swift; path = DetailViewController.swift; sourceTree = "<group>"; };
		70AC5FFE2A45C99B00467F2C /* MovieDatabase.xcdatamodel */ = {isa = PBXFileReference; lastKnownFileType = wrapper.xcdatamodel; path = MovieDatabase.xcdatamodel; sourceTree = "<group>"; };
		70AC60032A45C99B00467F2C /* Base */ = {isa = PBXFileReference; lastKnownFileType = file.storyboard; name = Base; path = Base.lproj/LaunchScreen.storyboard; sourceTree = "<group>"; };
		70AC60052A45C99B00467F2C /* Info.plist */ = {isa = PBXFileReference; lastKnownFileType = text.plist.xml; path = Info.plist; sourceTree = "<group>"; };
		70AC600A2A45C99B00467F2C /* MovieDatabaseTests.xctest */ = {isa = PBXFileReference; explicitFileType = wrapper.cfbundle; includeInIndex = 0; path = MovieDatabaseTests.xctest; sourceTree = BUILT_PRODUCTS_DIR; };
		70AC600E2A45C99B00467F2C /* MovieDatabaseTests.swift */ = {isa = PBXFileReference; lastKnownFileType = sourcecode.swift; path = MovieDatabaseTests.swift; sourceTree = "<group>"; };
		70AC60142A45C99C00467F2C /* MovieDatabaseUITests.xctest */ = {isa = PBXFileReference; explicitFileType = wrapper.cfbundle; includeInIndex = 0; path = MovieDatabaseUITests.xctest; sourceTree = BUILT_PRODUCTS_DIR; };
		70AC60182A45C99C00467F2C /* MovieDatabaseUITests.swift */ = {isa = PBXFileReference; lastKnownFileType = sourcecode.swift; path = MovieDatabaseUITests.swift; sourceTree = "<group>"; };
		70AC601A2A45C99C00467F2C /* MovieDatabaseUITestsLaunchTests.swift */ = {isa = PBXFileReference; lastKnownFileType = sourcecode.swift; path = MovieDatabaseUITestsLaunchTests.swift; sourceTree = "<group>"; };
		70AC60C22A45CD0200467F2C /* Colors.xcassets */ = {isa = PBXFileReference; lastKnownFileType = folder.assetcatalog; path = Colors.xcassets; sourceTree = "<group>"; };
		70AC60C32A45CD0200467F2C /* Images.xcassets */ = {isa = PBXFileReference; lastKnownFileType = folder.assetcatalog; path = Images.xcassets; sourceTree = "<group>"; };
		70AC60C42A45CD0200467F2C /* AppIcons.xcassets */ = {isa = PBXFileReference; lastKnownFileType = folder.assetcatalog; path = AppIcons.xcassets; sourceTree = "<group>"; };
		70AC610A2A4629B100467F2C /* Images.swift */ = {isa = PBXFileReference; fileEncoding = 4; lastKnownFileType = sourcecode.swift; path = Images.swift; sourceTree = "<group>"; };
		70AC610C2A4629E200467F2C /* Colors.swift */ = {isa = PBXFileReference; fileEncoding = 4; lastKnownFileType = sourcecode.swift; path = Colors.swift; sourceTree = "<group>"; };
		70AC610E2A462A0800467F2C /* Font.swift */ = {isa = PBXFileReference; fileEncoding = 4; lastKnownFileType = sourcecode.swift; path = Font.swift; sourceTree = "<group>"; };
		70AC61102A462BF800467F2C /* DetailView.swift */ = {isa = PBXFileReference; fileEncoding = 4; lastKnownFileType = sourcecode.swift; path = DetailView.swift; sourceTree = "<group>"; };
		70AC61132A462DC900467F2C /* SlideInPresentationAnimator.swift */ = {isa = PBXFileReference; fileEncoding = 4; lastKnownFileType = sourcecode.swift; path = SlideInPresentationAnimator.swift; sourceTree = "<group>"; };
		70AC61152A462E6400467F2C /* SlideInPresentationManager.swift */ = {isa = PBXFileReference; fileEncoding = 4; lastKnownFileType = sourcecode.swift; path = SlideInPresentationManager.swift; sourceTree = "<group>"; };
		70AC61172A462EBC00467F2C /* SlideInPresentationController.swift */ = {isa = PBXFileReference; fileEncoding = 4; lastKnownFileType = sourcecode.swift; path = SlideInPresentationController.swift; sourceTree = "<group>"; };
		70AC611A2A462F1900467F2C /* CGFloat+Extension.swift */ = {isa = PBXFileReference; fileEncoding = 4; lastKnownFileType = sourcecode.swift; path = "CGFloat+Extension.swift"; sourceTree = "<group>"; };
		70AC611D2A46383E00467F2C /* PresentationDirection.swift */ = {isa = PBXFileReference; lastKnownFileType = sourcecode.swift; path = PresentationDirection.swift; sourceTree = "<group>"; };
		70AC61202A470DEC00467F2C /* MoviesViewController.swift */ = {isa = PBXFileReference; lastKnownFileType = sourcecode.swift; path = MoviesViewController.swift; sourceTree = "<group>"; };
		70AC61232A470ED300467F2C /* TMDBService.swift */ = {isa = PBXFileReference; fileEncoding = 4; lastKnownFileType = sourcecode.swift; path = TMDBService.swift; sourceTree = "<group>"; };
		70AC61262A470EF300467F2C /* MovieRepository.swift */ = {isa = PBXFileReference; lastKnownFileType = sourcecode.swift; path = MovieRepository.swift; sourceTree = "<group>"; };
		70AC61292A470F3F00467F2C /* Movie.swift */ = {isa = PBXFileReference; lastKnownFileType = sourcecode.swift; path = Movie.swift; sourceTree = "<group>"; };
		70AC612F2A47134D00467F2C /* NetworkError.swift */ = {isa = PBXFileReference; lastKnownFileType = sourcecode.swift; path = NetworkError.swift; sourceTree = "<group>"; };
		70AC61312A47136200467F2C /* TMDBRepositoryEndPoint.swift */ = {isa = PBXFileReference; lastKnownFileType = sourcecode.swift; path = TMDBRepositoryEndPoint.swift; sourceTree = "<group>"; };
		70AC61372A4714FF00467F2C /* Endpoint.swift */ = {isa = PBXFileReference; lastKnownFileType = sourcecode.swift; path = Endpoint.swift; sourceTree = "<group>"; };
		70AC61412A4722FC00467F2C /* NetworkRouter.swift */ = {isa = PBXFileReference; lastKnownFileType = sourcecode.swift; path = NetworkRouter.swift; sourceTree = "<group>"; };
		70AC61442A47299500467F2C /* MovieCell.swift */ = {isa = PBXFileReference; lastKnownFileType = sourcecode.swift; path = MovieCell.swift; sourceTree = "<group>"; };
		70AC61472A472AE300467F2C /* MovieCellInfoView.swift */ = {isa = PBXFileReference; lastKnownFileType = sourcecode.swift; path = MovieCellInfoView.swift; sourceTree = "<group>"; };
		70AC614A2A47451400467F2C /* MoviesPresenter.swift */ = {isa = PBXFileReference; lastKnownFileType = sourcecode.swift; path = MoviesPresenter.swift; sourceTree = "<group>"; };
		70AC614D2A47469000467F2C /* MoviesViewInterface.swift */ = {isa = PBXFileReference; lastKnownFileType = sourcecode.swift; path = MoviesViewInterface.swift; sourceTree = "<group>"; };
		70AC614F2A47471300467F2C /* MoviesPresenterInterface.swift */ = {isa = PBXFileReference; lastKnownFileType = sourcecode.swift; path = MoviesPresenterInterface.swift; sourceTree = "<group>"; };
		70AC61512A47578700467F2C /* Collection+Extension.swift */ = {isa = PBXFileReference; lastKnownFileType = sourcecode.swift; path = "Collection+Extension.swift"; sourceTree = "<group>"; };
		70AC61562A47592500467F2C /* Constants.swift */ = {isa = PBXFileReference; lastKnownFileType = sourcecode.swift; path = Constants.swift; sourceTree = "<group>"; };
		70AC61582A47678000467F2C /* MovieRepresentable.swift */ = {isa = PBXFileReference; lastKnownFileType = sourcecode.swift; path = MovieRepresentable.swift; sourceTree = "<group>"; };
		70AC615B2A476AE400467F2C /* DateFormatter.swift */ = {isa = PBXFileReference; lastKnownFileType = sourcecode.swift; path = DateFormatter.swift; sourceTree = "<group>"; };
/* End PBXFileReference section */

/* Begin PBXFrameworksBuildPhase section */
		70AC5FEE2A45C99A00467F2C /* Frameworks */ = {
			isa = PBXFrameworksBuildPhase;
			buildActionMask = 2147483647;
			files = (
			);
			runOnlyForDeploymentPostprocessing = 0;
		};
		70AC60072A45C99B00467F2C /* Frameworks */ = {
			isa = PBXFrameworksBuildPhase;
			buildActionMask = 2147483647;
			files = (
			);
			runOnlyForDeploymentPostprocessing = 0;
		};
		70AC60112A45C99C00467F2C /* Frameworks */ = {
			isa = PBXFrameworksBuildPhase;
			buildActionMask = 2147483647;
			files = (
			);
			runOnlyForDeploymentPostprocessing = 0;
		};
/* End PBXFrameworksBuildPhase section */

/* Begin PBXGroup section */
		70AC5FE82A45C99A00467F2C = {
			isa = PBXGroup;
			children = (
				70AC5FF32A45C99A00467F2C /* MovieDatabase */,
				70AC600D2A45C99B00467F2C /* MovieDatabaseTests */,
				70AC60172A45C99C00467F2C /* MovieDatabaseUITests */,
				70AC5FF22A45C99A00467F2C /* Products */,
			);
			sourceTree = "<group>";
		};
		70AC5FF22A45C99A00467F2C /* Products */ = {
			isa = PBXGroup;
			children = (
				70AC5FF12A45C99A00467F2C /* MovieDatabase.app */,
				70AC600A2A45C99B00467F2C /* MovieDatabaseTests.xctest */,
				70AC60142A45C99C00467F2C /* MovieDatabaseUITests.xctest */,
			);
			name = Products;
			sourceTree = "<group>";
		};
		70AC5FF32A45C99A00467F2C /* MovieDatabase */ = {
			isa = PBXGroup;
			children = (
				70AC60B72A45CBEE00467F2C /* src */,
				70AC60B82A45CBF200467F2C /* resources */,
				70AC60BA2A45CC0D00467F2C /* config */,
			);
			path = MovieDatabase;
			sourceTree = "<group>";
		};
		70AC600D2A45C99B00467F2C /* MovieDatabaseTests */ = {
			isa = PBXGroup;
			children = (
				70AC600E2A45C99B00467F2C /* MovieDatabaseTests.swift */,
			);
			path = MovieDatabaseTests;
			sourceTree = "<group>";
		};
		70AC60172A45C99C00467F2C /* MovieDatabaseUITests */ = {
			isa = PBXGroup;
			children = (
				70AC60182A45C99C00467F2C /* MovieDatabaseUITests.swift */,
				70AC601A2A45C99C00467F2C /* MovieDatabaseUITestsLaunchTests.swift */,
			);
			path = MovieDatabaseUITests;
			sourceTree = "<group>";
		};
		70AC60B72A45CBEE00467F2C /* src */ = {
			isa = PBXGroup;
			children = (
				70AC60BB2A45CC2500467F2C /* Main */,
				70AC60BE2A45CC7500467F2C /* Database */,
				70AC60BC2A45CC2C00467F2C /* Utils */,
				70AC60BD2A45CC4D00467F2C /* Modules */,
				70AC61122A462DAE00467F2C /* Presentation */,
				70AC61282A470F3300467F2C /* Models */,
				70AC61222A470EC500467F2C /* Network */,
				70AC61192A462F0500467F2C /* Extensions */,
				70AC61552A47591600467F2C /* Helpers */,
			);
			path = src;
			sourceTree = "<group>";
		};
		70AC60B82A45CBF200467F2C /* resources */ = {
			isa = PBXGroup;
			children = (
				70AC60C82A45CD3500467F2C /* Assets */,
				70AC60C92A45CD3A00467F2C /* LaunchScreen */,
			);
			path = resources;
			sourceTree = "<group>";
		};
		70AC60BA2A45CC0D00467F2C /* config */ = {
			isa = PBXGroup;
			children = (
				70AC60052A45C99B00467F2C /* Info.plist */,
			);
			path = config;
			sourceTree = "<group>";
		};
		70AC60BB2A45CC2500467F2C /* Main */ = {
			isa = PBXGroup;
			children = (
				70AC5FF42A45C99A00467F2C /* AppDelegate.swift */,
				70AC5FF62A45C99A00467F2C /* SceneDelegate.swift */,
			);
			path = Main;
			sourceTree = "<group>";
		};
		70AC60BC2A45CC2C00467F2C /* Utils */ = {
			isa = PBXGroup;
			children = (
			);
			path = Utils;
			sourceTree = "<group>";
		};
		70AC60BD2A45CC4D00467F2C /* Modules */ = {
			isa = PBXGroup;
			children = (
				70AC61492A4743FD00467F2C /* MoviesModule */,
				70AC611C2A46323A00467F2C /* DetailViewController */,
			);
			path = Modules;
			sourceTree = "<group>";
		};
		70AC60BE2A45CC7500467F2C /* Database */ = {
			isa = PBXGroup;
			children = (
				70AC5FFD2A45C99B00467F2C /* MovieDatabase.xcdatamodeld */,
			);
			path = Database;
			sourceTree = "<group>";
		};
		70AC60BF2A45CCD900467F2C /* Fonts */ = {
			isa = PBXGroup;
			children = (
				70AC610E2A462A0800467F2C /* Font.swift */,
			);
			path = Fonts;
			sourceTree = "<group>";
		};
		70AC60C02A45CCDE00467F2C /* Images */ = {
			isa = PBXGroup;
			children = (
				70AC610A2A4629B100467F2C /* Images.swift */,
			);
			path = Images;
			sourceTree = "<group>";
		};
		70AC60C12A45CCE200467F2C /* Colors */ = {
			isa = PBXGroup;
			children = (
				70AC610C2A4629E200467F2C /* Colors.swift */,
			);
			path = Colors;
			sourceTree = "<group>";
		};
		70AC60C82A45CD3500467F2C /* Assets */ = {
			isa = PBXGroup;
			children = (
				70AC60C12A45CCE200467F2C /* Colors */,
				70AC60C02A45CCDE00467F2C /* Images */,
				70AC60BF2A45CCD900467F2C /* Fonts */,
				70AC60C42A45CD0200467F2C /* AppIcons.xcassets */,
				70AC60C22A45CD0200467F2C /* Colors.xcassets */,
				70AC60C32A45CD0200467F2C /* Images.xcassets */,
			);
			path = Assets;
			sourceTree = "<group>";
		};
		70AC60C92A45CD3A00467F2C /* LaunchScreen */ = {
			isa = PBXGroup;
			children = (
				70AC60022A45C99B00467F2C /* LaunchScreen.storyboard */,
			);
			path = LaunchScreen;
			sourceTree = "<group>";
		};
		70AC61122A462DAE00467F2C /* Presentation */ = {
			isa = PBXGroup;
			children = (
				70AC61172A462EBC00467F2C /* SlideInPresentationController.swift */,
				70AC61152A462E6400467F2C /* SlideInPresentationManager.swift */,
				70AC61132A462DC900467F2C /* SlideInPresentationAnimator.swift */,
				70AC611D2A46383E00467F2C /* PresentationDirection.swift */,
			);
			path = Presentation;
			sourceTree = "<group>";
		};
		70AC61192A462F0500467F2C /* Extensions */ = {
			isa = PBXGroup;
			children = (
				70AC611A2A462F1900467F2C /* CGFloat+Extension.swift */,
				70AC61512A47578700467F2C /* Collection+Extension.swift */,
				70AC615B2A476AE400467F2C /* DateFormatter.swift */,
			);
			path = Extensions;
			sourceTree = "<group>";
		};
		70AC611C2A46323A00467F2C /* DetailViewController */ = {
			isa = PBXGroup;
			children = (
				70AC5FF82A45C99A00467F2C /* DetailViewController.swift */,
				70AC61102A462BF800467F2C /* DetailView.swift */,
			);
			path = DetailViewController;
			sourceTree = "<group>";
		};
		70AC61222A470EC500467F2C /* Network */ = {
			isa = PBXGroup;
			children = (
				70AC61262A470EF300467F2C /* MovieRepository.swift */,
				70AC61332A47138800467F2C /* TMDBRepository */,
				70AC613A2A47156900467F2C /* NetworkCore */,
			);
			path = Network;
			sourceTree = "<group>";
		};
		70AC61282A470F3300467F2C /* Models */ = {
			isa = PBXGroup;
			children = (
				70AC615A2A4769ED00467F2C /* Movie */,
			);
			path = Models;
			sourceTree = "<group>";
		};
		70AC61332A47138800467F2C /* TMDBRepository */ = {
			isa = PBXGroup;
			children = (
				70AC61232A470ED300467F2C /* TMDBService.swift */,
				70AC61312A47136200467F2C /* TMDBRepositoryEndPoint.swift */,
			);
			path = TMDBRepository;
			sourceTree = "<group>";
		};
		70AC613A2A47156900467F2C /* NetworkCore */ = {
			isa = PBXGroup;
			children = (
				70AC61412A4722FC00467F2C /* NetworkRouter.swift */,
				70AC61402A4715AC00467F2C /* NetworkCoreModels */,
			);
			path = NetworkCore;
			sourceTree = "<group>";
		};
		70AC61402A4715AC00467F2C /* NetworkCoreModels */ = {
			isa = PBXGroup;
			children = (
				70AC61372A4714FF00467F2C /* Endpoint.swift */,
				70AC612F2A47134D00467F2C /* NetworkError.swift */,
			);
			path = NetworkCoreModels;
			sourceTree = "<group>";
		};
		70AC61432A47298800467F2C /* Views */ = {
			isa = PBXGroup;
			children = (
				70AC61462A472A9400467F2C /* MovieCell */,
			);
			path = Views;
			sourceTree = "<group>";
		};
		70AC61462A472A9400467F2C /* MovieCell */ = {
			isa = PBXGroup;
			children = (
				70AC61442A47299500467F2C /* MovieCell.swift */,
				70AC61472A472AE300467F2C /* MovieCellInfoView.swift */,
			);
			path = MovieCell;
			sourceTree = "<group>";
		};
		70AC61492A4743FD00467F2C /* MoviesModule */ = {
			isa = PBXGroup;
			children = (
				70AC614A2A47451400467F2C /* MoviesPresenter.swift */,
				70AC61202A470DEC00467F2C /* MoviesViewController.swift */,
				70AC614C2A47466800467F2C /* Interfaces */,
				70AC61432A47298800467F2C /* Views */,
			);
			path = MoviesModule;
			sourceTree = "<group>";
		};
		70AC614C2A47466800467F2C /* Interfaces */ = {
			isa = PBXGroup;
			children = (
				70AC614D2A47469000467F2C /* MoviesViewInterface.swift */,
				70AC614F2A47471300467F2C /* MoviesPresenterInterface.swift */,
			);
			path = Interfaces;
			sourceTree = "<group>";
		};
		70AC61552A47591600467F2C /* Helpers */ = {
			isa = PBXGroup;
			children = (
				70AC61562A47592500467F2C /* Constants.swift */,
			);
			path = Helpers;
			sourceTree = "<group>";
		};
		70AC615A2A4769ED00467F2C /* Movie */ = {
			isa = PBXGroup;
			children = (
				70AC61582A47678000467F2C /* MovieRepresentable.swift */,
				70AC61292A470F3F00467F2C /* Movie.swift */,
			);
			path = Movie;
			sourceTree = "<group>";
		};
/* End PBXGroup section */

/* Begin PBXNativeTarget section */
		70AC5FF02A45C99A00467F2C /* MovieDatabase */ = {
			isa = PBXNativeTarget;
			buildConfigurationList = 70AC601E2A45C99C00467F2C /* Build configuration list for PBXNativeTarget "MovieDatabase" */;
			buildPhases = (
				70AC5FED2A45C99A00467F2C /* Sources */,
				70AC5FEE2A45C99A00467F2C /* Frameworks */,
				70AC5FEF2A45C99A00467F2C /* Resources */,
			);
			buildRules = (
			);
			dependencies = (
			);
			name = MovieDatabase;
			productName = MovieDatabase;
			productReference = 70AC5FF12A45C99A00467F2C /* MovieDatabase.app */;
			productType = "com.apple.product-type.application";
		};
		70AC60092A45C99B00467F2C /* MovieDatabaseTests */ = {
			isa = PBXNativeTarget;
			buildConfigurationList = 70AC60212A45C99C00467F2C /* Build configuration list for PBXNativeTarget "MovieDatabaseTests" */;
			buildPhases = (
				70AC60062A45C99B00467F2C /* Sources */,
				70AC60072A45C99B00467F2C /* Frameworks */,
				70AC60082A45C99B00467F2C /* Resources */,
			);
			buildRules = (
			);
			dependencies = (
				70AC600C2A45C99B00467F2C /* PBXTargetDependency */,
			);
			name = MovieDatabaseTests;
			productName = MovieDatabaseTests;
			productReference = 70AC600A2A45C99B00467F2C /* MovieDatabaseTests.xctest */;
			productType = "com.apple.product-type.bundle.unit-test";
		};
		70AC60132A45C99C00467F2C /* MovieDatabaseUITests */ = {
			isa = PBXNativeTarget;
			buildConfigurationList = 70AC60242A45C99C00467F2C /* Build configuration list for PBXNativeTarget "MovieDatabaseUITests" */;
			buildPhases = (
				70AC60102A45C99C00467F2C /* Sources */,
				70AC60112A45C99C00467F2C /* Frameworks */,
				70AC60122A45C99C00467F2C /* Resources */,
			);
			buildRules = (
			);
			dependencies = (
				70AC60162A45C99C00467F2C /* PBXTargetDependency */,
			);
			name = MovieDatabaseUITests;
			productName = MovieDatabaseUITests;
			productReference = 70AC60142A45C99C00467F2C /* MovieDatabaseUITests.xctest */;
			productType = "com.apple.product-type.bundle.ui-testing";
		};
/* End PBXNativeTarget section */

/* Begin PBXProject section */
		70AC5FE92A45C99A00467F2C /* Project object */ = {
			isa = PBXProject;
			attributes = {
				BuildIndependentTargetsInParallel = 1;
				LastSwiftUpdateCheck = 1430;
				LastUpgradeCheck = 1430;
				TargetAttributes = {
					70AC5FF02A45C99A00467F2C = {
						CreatedOnToolsVersion = 14.3;
					};
					70AC60092A45C99B00467F2C = {
						CreatedOnToolsVersion = 14.3;
						TestTargetID = 70AC5FF02A45C99A00467F2C;
					};
					70AC60132A45C99C00467F2C = {
						CreatedOnToolsVersion = 14.3;
						TestTargetID = 70AC5FF02A45C99A00467F2C;
					};
				};
			};
			buildConfigurationList = 70AC5FEC2A45C99A00467F2C /* Build configuration list for PBXProject "MovieDatabase" */;
			compatibilityVersion = "Xcode 14.0";
			developmentRegion = en;
			hasScannedForEncodings = 0;
			knownRegions = (
				en,
				Base,
			);
			mainGroup = 70AC5FE82A45C99A00467F2C;
			productRefGroup = 70AC5FF22A45C99A00467F2C /* Products */;
			projectDirPath = "";
			projectRoot = "";
			targets = (
				70AC5FF02A45C99A00467F2C /* MovieDatabase */,
				70AC60092A45C99B00467F2C /* MovieDatabaseTests */,
				70AC60132A45C99C00467F2C /* MovieDatabaseUITests */,
			);
		};
/* End PBXProject section */

/* Begin PBXResourcesBuildPhase section */
		70AC5FEF2A45C99A00467F2C /* Resources */ = {
			isa = PBXResourcesBuildPhase;
			buildActionMask = 2147483647;
			files = (
				70AC60C52A45CD0200467F2C /* Colors.xcassets in Resources */,
				70AC60C72A45CD0200467F2C /* AppIcons.xcassets in Resources */,
				70AC60C62A45CD0200467F2C /* Images.xcassets in Resources */,
				70AC60042A45C99B00467F2C /* LaunchScreen.storyboard in Resources */,
			);
			runOnlyForDeploymentPostprocessing = 0;
		};
		70AC60082A45C99B00467F2C /* Resources */ = {
			isa = PBXResourcesBuildPhase;
			buildActionMask = 2147483647;
			files = (
			);
			runOnlyForDeploymentPostprocessing = 0;
		};
		70AC60122A45C99C00467F2C /* Resources */ = {
			isa = PBXResourcesBuildPhase;
			buildActionMask = 2147483647;
			files = (
			);
			runOnlyForDeploymentPostprocessing = 0;
		};
/* End PBXResourcesBuildPhase section */

/* Begin PBXSourcesBuildPhase section */
		70AC5FED2A45C99A00467F2C /* Sources */ = {
			isa = PBXSourcesBuildPhase;
			buildActionMask = 2147483647;
			files = (
				70AC61162A462E6400467F2C /* SlideInPresentationManager.swift in Sources */,
				70AC61422A4722FC00467F2C /* NetworkRouter.swift in Sources */,
				70AC614E2A47469000467F2C /* MoviesViewInterface.swift in Sources */,
				70AC5FF92A45C99A00467F2C /* DetailViewController.swift in Sources */,
				70AC61322A47136200467F2C /* TMDBRepositoryEndPoint.swift in Sources */,
				70AC61572A47592500467F2C /* Constants.swift in Sources */,
				70AC611B2A462F1900467F2C /* CGFloat+Extension.swift in Sources */,
				70AC611E2A46383E00467F2C /* PresentationDirection.swift in Sources */,
				70AC61142A462DC900467F2C /* SlideInPresentationAnimator.swift in Sources */,
				70AC614B2A47451400467F2C /* MoviesPresenter.swift in Sources */,
				70AC61212A470DEC00467F2C /* MoviesViewController.swift in Sources */,
				70AC61112A462BF800467F2C /* DetailView.swift in Sources */,
				70AC610D2A4629E200467F2C /* Colors.swift in Sources */,
				70AC61452A47299500467F2C /* MovieCell.swift in Sources */,
				70AC61502A47471300467F2C /* MoviesPresenterInterface.swift in Sources */,
				70AC610F2A462A0800467F2C /* Font.swift in Sources */,
				70AC5FF52A45C99A00467F2C /* AppDelegate.swift in Sources */,
				70AC610B2A4629B100467F2C /* Images.swift in Sources */,
				70AC61482A472AE300467F2C /* MovieCellInfoView.swift in Sources */,
				70AC61302A47134D00467F2C /* NetworkError.swift in Sources */,
				70AC61272A470EF300467F2C /* MovieRepository.swift in Sources */,
				70AC5FF72A45C99A00467F2C /* SceneDelegate.swift in Sources */,
				70AC61242A470ED300467F2C /* TMDBService.swift in Sources */,
				70AC5FFF2A45C99B00467F2C /* MovieDatabase.xcdatamodeld in Sources */,
				70AC615C2A476AE400467F2C /* DateFormatter.swift in Sources */,
				70AC61182A462EBC00467F2C /* SlideInPresentationController.swift in Sources */,
				70AC612A2A470F3F00467F2C /* Movie.swift in Sources */,
				70AC61522A47578700467F2C /* Collection+Extension.swift in Sources */,
				70AC61592A47678000467F2C /* MovieRepresentable.swift in Sources */,
				70AC61382A4714FF00467F2C /* Endpoint.swift in Sources */,
			);
			runOnlyForDeploymentPostprocessing = 0;
		};
		70AC60062A45C99B00467F2C /* Sources */ = {
			isa = PBXSourcesBuildPhase;
			buildActionMask = 2147483647;
			files = (
				70AC600F2A45C99B00467F2C /* MovieDatabaseTests.swift in Sources */,
			);
			runOnlyForDeploymentPostprocessing = 0;
		};
		70AC60102A45C99C00467F2C /* Sources */ = {
			isa = PBXSourcesBuildPhase;
			buildActionMask = 2147483647;
			files = (
				70AC601B2A45C99C00467F2C /* MovieDatabaseUITestsLaunchTests.swift in Sources */,
				70AC60192A45C99C00467F2C /* MovieDatabaseUITests.swift in Sources */,
			);
			runOnlyForDeploymentPostprocessing = 0;
		};
/* End PBXSourcesBuildPhase section */

/* Begin PBXTargetDependency section */
		70AC600C2A45C99B00467F2C /* PBXTargetDependency */ = {
			isa = PBXTargetDependency;
			target = 70AC5FF02A45C99A00467F2C /* MovieDatabase */;
			targetProxy = 70AC600B2A45C99B00467F2C /* PBXContainerItemProxy */;
		};
		70AC60162A45C99C00467F2C /* PBXTargetDependency */ = {
			isa = PBXTargetDependency;
			target = 70AC5FF02A45C99A00467F2C /* MovieDatabase */;
			targetProxy = 70AC60152A45C99C00467F2C /* PBXContainerItemProxy */;
		};
/* End PBXTargetDependency section */

/* Begin PBXVariantGroup section */
		70AC60022A45C99B00467F2C /* LaunchScreen.storyboard */ = {
			isa = PBXVariantGroup;
			children = (
				70AC60032A45C99B00467F2C /* Base */,
			);
			name = LaunchScreen.storyboard;
			sourceTree = "<group>";
		};
/* End PBXVariantGroup section */

/* Begin XCBuildConfiguration section */
		70AC601C2A45C99C00467F2C /* Debug */ = {
			isa = XCBuildConfiguration;
			buildSettings = {
				ALWAYS_SEARCH_USER_PATHS = NO;
				CLANG_ANALYZER_NONNULL = YES;
				CLANG_ANALYZER_NUMBER_OBJECT_CONVERSION = YES_AGGRESSIVE;
				CLANG_CXX_LANGUAGE_STANDARD = "gnu++20";
				CLANG_ENABLE_MODULES = YES;
				CLANG_ENABLE_OBJC_ARC = YES;
				CLANG_ENABLE_OBJC_WEAK = YES;
				CLANG_WARN_BLOCK_CAPTURE_AUTORELEASING = YES;
				CLANG_WARN_BOOL_CONVERSION = YES;
				CLANG_WARN_COMMA = YES;
				CLANG_WARN_CONSTANT_CONVERSION = YES;
				CLANG_WARN_DEPRECATED_OBJC_IMPLEMENTATIONS = YES;
				CLANG_WARN_DIRECT_OBJC_ISA_USAGE = YES_ERROR;
				CLANG_WARN_DOCUMENTATION_COMMENTS = YES;
				CLANG_WARN_EMPTY_BODY = YES;
				CLANG_WARN_ENUM_CONVERSION = YES;
				CLANG_WARN_INFINITE_RECURSION = YES;
				CLANG_WARN_INT_CONVERSION = YES;
				CLANG_WARN_NON_LITERAL_NULL_CONVERSION = YES;
				CLANG_WARN_OBJC_IMPLICIT_RETAIN_SELF = YES;
				CLANG_WARN_OBJC_LITERAL_CONVERSION = YES;
				CLANG_WARN_OBJC_ROOT_CLASS = YES_ERROR;
				CLANG_WARN_QUOTED_INCLUDE_IN_FRAMEWORK_HEADER = YES;
				CLANG_WARN_RANGE_LOOP_ANALYSIS = YES;
				CLANG_WARN_STRICT_PROTOTYPES = YES;
				CLANG_WARN_SUSPICIOUS_MOVE = YES;
				CLANG_WARN_UNGUARDED_AVAILABILITY = YES_AGGRESSIVE;
				CLANG_WARN_UNREACHABLE_CODE = YES;
				CLANG_WARN__DUPLICATE_METHOD_MATCH = YES;
				COPY_PHASE_STRIP = NO;
				DEBUG_INFORMATION_FORMAT = dwarf;
				ENABLE_STRICT_OBJC_MSGSEND = YES;
				ENABLE_TESTABILITY = YES;
				GCC_C_LANGUAGE_STANDARD = gnu11;
				GCC_DYNAMIC_NO_PIC = NO;
				GCC_NO_COMMON_BLOCKS = YES;
				GCC_OPTIMIZATION_LEVEL = 0;
				GCC_PREPROCESSOR_DEFINITIONS = (
					"DEBUG=1",
					"$(inherited)",
				);
				GCC_WARN_64_TO_32_BIT_CONVERSION = YES;
				GCC_WARN_ABOUT_RETURN_TYPE = YES_ERROR;
				GCC_WARN_UNDECLARED_SELECTOR = YES;
				GCC_WARN_UNINITIALIZED_AUTOS = YES_AGGRESSIVE;
				GCC_WARN_UNUSED_FUNCTION = YES;
				GCC_WARN_UNUSED_VARIABLE = YES;
				IPHONEOS_DEPLOYMENT_TARGET = 13.0;
				MTL_ENABLE_DEBUG_INFO = INCLUDE_SOURCE;
				MTL_FAST_MATH = YES;
				ONLY_ACTIVE_ARCH = YES;
				SDKROOT = iphoneos;
				SWIFT_ACTIVE_COMPILATION_CONDITIONS = DEBUG;
				SWIFT_OPTIMIZATION_LEVEL = "-Onone";
			};
			name = Debug;
		};
		70AC601D2A45C99C00467F2C /* Release */ = {
			isa = XCBuildConfiguration;
			buildSettings = {
				ALWAYS_SEARCH_USER_PATHS = NO;
				CLANG_ANALYZER_NONNULL = YES;
				CLANG_ANALYZER_NUMBER_OBJECT_CONVERSION = YES_AGGRESSIVE;
				CLANG_CXX_LANGUAGE_STANDARD = "gnu++20";
				CLANG_ENABLE_MODULES = YES;
				CLANG_ENABLE_OBJC_ARC = YES;
				CLANG_ENABLE_OBJC_WEAK = YES;
				CLANG_WARN_BLOCK_CAPTURE_AUTORELEASING = YES;
				CLANG_WARN_BOOL_CONVERSION = YES;
				CLANG_WARN_COMMA = YES;
				CLANG_WARN_CONSTANT_CONVERSION = YES;
				CLANG_WARN_DEPRECATED_OBJC_IMPLEMENTATIONS = YES;
				CLANG_WARN_DIRECT_OBJC_ISA_USAGE = YES_ERROR;
				CLANG_WARN_DOCUMENTATION_COMMENTS = YES;
				CLANG_WARN_EMPTY_BODY = YES;
				CLANG_WARN_ENUM_CONVERSION = YES;
				CLANG_WARN_INFINITE_RECURSION = YES;
				CLANG_WARN_INT_CONVERSION = YES;
				CLANG_WARN_NON_LITERAL_NULL_CONVERSION = YES;
				CLANG_WARN_OBJC_IMPLICIT_RETAIN_SELF = YES;
				CLANG_WARN_OBJC_LITERAL_CONVERSION = YES;
				CLANG_WARN_OBJC_ROOT_CLASS = YES_ERROR;
				CLANG_WARN_QUOTED_INCLUDE_IN_FRAMEWORK_HEADER = YES;
				CLANG_WARN_RANGE_LOOP_ANALYSIS = YES;
				CLANG_WARN_STRICT_PROTOTYPES = YES;
				CLANG_WARN_SUSPICIOUS_MOVE = YES;
				CLANG_WARN_UNGUARDED_AVAILABILITY = YES_AGGRESSIVE;
				CLANG_WARN_UNREACHABLE_CODE = YES;
				CLANG_WARN__DUPLICATE_METHOD_MATCH = YES;
				COPY_PHASE_STRIP = NO;
				DEBUG_INFORMATION_FORMAT = "dwarf-with-dsym";
				ENABLE_NS_ASSERTIONS = NO;
				ENABLE_STRICT_OBJC_MSGSEND = YES;
				GCC_C_LANGUAGE_STANDARD = gnu11;
				GCC_NO_COMMON_BLOCKS = YES;
				GCC_WARN_64_TO_32_BIT_CONVERSION = YES;
				GCC_WARN_ABOUT_RETURN_TYPE = YES_ERROR;
				GCC_WARN_UNDECLARED_SELECTOR = YES;
				GCC_WARN_UNINITIALIZED_AUTOS = YES_AGGRESSIVE;
				GCC_WARN_UNUSED_FUNCTION = YES;
				GCC_WARN_UNUSED_VARIABLE = YES;
				IPHONEOS_DEPLOYMENT_TARGET = 13.0;
				MTL_ENABLE_DEBUG_INFO = NO;
				MTL_FAST_MATH = YES;
				SDKROOT = iphoneos;
				SWIFT_COMPILATION_MODE = wholemodule;
				SWIFT_OPTIMIZATION_LEVEL = "-O";
				VALIDATE_PRODUCT = YES;
			};
			name = Release;
		};
		70AC601F2A45C99C00467F2C /* Debug */ = {
			isa = XCBuildConfiguration;
			buildSettings = {
				ASSETCATALOG_COMPILER_APPICON_NAME = AppIcon;
				ASSETCATALOG_COMPILER_GLOBAL_ACCENT_COLOR_NAME = AccentColor;
				CODE_SIGN_STYLE = Automatic;
				CURRENT_PROJECT_VERSION = 1;
				DEVELOPMENT_TEAM = 3TN9B9A7L6;
				GENERATE_INFOPLIST_FILE = YES;
				INFOPLIST_FILE = MovieDatabase/config/Info.plist;
				INFOPLIST_KEY_UIApplicationSupportsIndirectInputEvents = YES;
				INFOPLIST_KEY_UILaunchStoryboardName = LaunchScreen.storyboard;
				INFOPLIST_KEY_UIStatusBarStyle = UIStatusBarStyleLightContent;
				INFOPLIST_KEY_UISupportedInterfaceOrientations = UIInterfaceOrientationPortrait;
				INFOPLIST_KEY_UIUserInterfaceStyle = Light;
				IPHONEOS_DEPLOYMENT_TARGET = 13.0;
				LD_RUNPATH_SEARCH_PATHS = (
					"$(inherited)",
					"@executable_path/Frameworks",
				);
				MARKETING_VERSION = 1.0;
				PRODUCT_BUNDLE_IDENTIFIER = com.mikhailtiranov.MovieDatabase;
				PRODUCT_NAME = "$(TARGET_NAME)";
				SWIFT_EMIT_LOC_STRINGS = YES;
				SWIFT_VERSION = 5.0;
				TARGETED_DEVICE_FAMILY = "1,2";
			};
			name = Debug;
		};
		70AC60202A45C99C00467F2C /* Release */ = {
			isa = XCBuildConfiguration;
			buildSettings = {
				ASSETCATALOG_COMPILER_APPICON_NAME = AppIcon;
				ASSETCATALOG_COMPILER_GLOBAL_ACCENT_COLOR_NAME = AccentColor;
				CODE_SIGN_STYLE = Automatic;
				CURRENT_PROJECT_VERSION = 1;
				DEVELOPMENT_TEAM = 3TN9B9A7L6;
				GENERATE_INFOPLIST_FILE = YES;
				INFOPLIST_FILE = MovieDatabase/config/Info.plist;
				INFOPLIST_KEY_UIApplicationSupportsIndirectInputEvents = YES;
				INFOPLIST_KEY_UILaunchStoryboardName = LaunchScreen.storyboard;
				INFOPLIST_KEY_UIStatusBarStyle = UIStatusBarStyleLightContent;
				INFOPLIST_KEY_UISupportedInterfaceOrientations = UIInterfaceOrientationPortrait;
				INFOPLIST_KEY_UIUserInterfaceStyle = Light;
				IPHONEOS_DEPLOYMENT_TARGET = 13.0;
				LD_RUNPATH_SEARCH_PATHS = (
					"$(inherited)",
					"@executable_path/Frameworks",
				);
				MARKETING_VERSION = 1.0;
				PRODUCT_BUNDLE_IDENTIFIER = com.mikhailtiranov.MovieDatabase;
				PRODUCT_NAME = "$(TARGET_NAME)";
				SWIFT_EMIT_LOC_STRINGS = YES;
				SWIFT_VERSION = 5.0;
				TARGETED_DEVICE_FAMILY = "1,2";
			};
			name = Release;
		};
		70AC60222A45C99C00467F2C /* Debug */ = {
			isa = XCBuildConfiguration;
			buildSettings = {
				ALWAYS_EMBED_SWIFT_STANDARD_LIBRARIES = YES;
				BUNDLE_LOADER = "$(TEST_HOST)";
				CODE_SIGN_STYLE = Automatic;
				CURRENT_PROJECT_VERSION = 1;
				DEVELOPMENT_TEAM = 3TN9B9A7L6;
				GENERATE_INFOPLIST_FILE = YES;
				IPHONEOS_DEPLOYMENT_TARGET = 16.4;
				MARKETING_VERSION = 1.0;
				PRODUCT_BUNDLE_IDENTIFIER = com.mikhailtiranov.MovieDatabaseTests;
				PRODUCT_NAME = "$(TARGET_NAME)";
				SWIFT_EMIT_LOC_STRINGS = NO;
				SWIFT_VERSION = 5.0;
				TARGETED_DEVICE_FAMILY = "1,2";
				TEST_HOST = "$(BUILT_PRODUCTS_DIR)/MovieDatabase.app/$(BUNDLE_EXECUTABLE_FOLDER_PATH)/MovieDatabase";
			};
			name = Debug;
		};
		70AC60232A45C99C00467F2C /* Release */ = {
			isa = XCBuildConfiguration;
			buildSettings = {
				ALWAYS_EMBED_SWIFT_STANDARD_LIBRARIES = YES;
				BUNDLE_LOADER = "$(TEST_HOST)";
				CODE_SIGN_STYLE = Automatic;
				CURRENT_PROJECT_VERSION = 1;
				DEVELOPMENT_TEAM = 3TN9B9A7L6;
				GENERATE_INFOPLIST_FILE = YES;
				IPHONEOS_DEPLOYMENT_TARGET = 16.4;
				MARKETING_VERSION = 1.0;
				PRODUCT_BUNDLE_IDENTIFIER = com.mikhailtiranov.MovieDatabaseTests;
				PRODUCT_NAME = "$(TARGET_NAME)";
				SWIFT_EMIT_LOC_STRINGS = NO;
				SWIFT_VERSION = 5.0;
				TARGETED_DEVICE_FAMILY = "1,2";
				TEST_HOST = "$(BUILT_PRODUCTS_DIR)/MovieDatabase.app/$(BUNDLE_EXECUTABLE_FOLDER_PATH)/MovieDatabase";
			};
			name = Release;
		};
		70AC60252A45C99C00467F2C /* Debug */ = {
			isa = XCBuildConfiguration;
			buildSettings = {
				ALWAYS_EMBED_SWIFT_STANDARD_LIBRARIES = YES;
				CODE_SIGN_STYLE = Automatic;
				CURRENT_PROJECT_VERSION = 1;
				DEVELOPMENT_TEAM = 3TN9B9A7L6;
				GENERATE_INFOPLIST_FILE = YES;
				MARKETING_VERSION = 1.0;
				PRODUCT_BUNDLE_IDENTIFIER = com.mikhailtiranov.MovieDatabaseUITests;
				PRODUCT_NAME = "$(TARGET_NAME)";
				SWIFT_EMIT_LOC_STRINGS = NO;
				SWIFT_VERSION = 5.0;
				TARGETED_DEVICE_FAMILY = "1,2";
				TEST_TARGET_NAME = MovieDatabase;
			};
			name = Debug;
		};
		70AC60262A45C99C00467F2C /* Release */ = {
			isa = XCBuildConfiguration;
			buildSettings = {
				ALWAYS_EMBED_SWIFT_STANDARD_LIBRARIES = YES;
				CODE_SIGN_STYLE = Automatic;
				CURRENT_PROJECT_VERSION = 1;
				DEVELOPMENT_TEAM = 3TN9B9A7L6;
				GENERATE_INFOPLIST_FILE = YES;
				MARKETING_VERSION = 1.0;
				PRODUCT_BUNDLE_IDENTIFIER = com.mikhailtiranov.MovieDatabaseUITests;
				PRODUCT_NAME = "$(TARGET_NAME)";
				SWIFT_EMIT_LOC_STRINGS = NO;
				SWIFT_VERSION = 5.0;
				TARGETED_DEVICE_FAMILY = "1,2";
				TEST_TARGET_NAME = MovieDatabase;
			};
			name = Release;
		};
/* End XCBuildConfiguration section */

/* Begin XCConfigurationList section */
		70AC5FEC2A45C99A00467F2C /* Build configuration list for PBXProject "MovieDatabase" */ = {
			isa = XCConfigurationList;
			buildConfigurations = (
				70AC601C2A45C99C00467F2C /* Debug */,
				70AC601D2A45C99C00467F2C /* Release */,
			);
			defaultConfigurationIsVisible = 0;
			defaultConfigurationName = Release;
		};
		70AC601E2A45C99C00467F2C /* Build configuration list for PBXNativeTarget "MovieDatabase" */ = {
			isa = XCConfigurationList;
			buildConfigurations = (
				70AC601F2A45C99C00467F2C /* Debug */,
				70AC60202A45C99C00467F2C /* Release */,
			);
			defaultConfigurationIsVisible = 0;
			defaultConfigurationName = Release;
		};
		70AC60212A45C99C00467F2C /* Build configuration list for PBXNativeTarget "MovieDatabaseTests" */ = {
			isa = XCConfigurationList;
			buildConfigurations = (
				70AC60222A45C99C00467F2C /* Debug */,
				70AC60232A45C99C00467F2C /* Release */,
			);
			defaultConfigurationIsVisible = 0;
			defaultConfigurationName = Release;
		};
		70AC60242A45C99C00467F2C /* Build configuration list for PBXNativeTarget "MovieDatabaseUITests" */ = {
			isa = XCConfigurationList;
			buildConfigurations = (
				70AC60252A45C99C00467F2C /* Debug */,
				70AC60262A45C99C00467F2C /* Release */,
			);
			defaultConfigurationIsVisible = 0;
			defaultConfigurationName = Release;
		};
/* End XCConfigurationList section */

/* Begin XCVersionGroup section */
		70AC5FFD2A45C99B00467F2C /* MovieDatabase.xcdatamodeld */ = {
			isa = XCVersionGroup;
			children = (
				70AC5FFE2A45C99B00467F2C /* MovieDatabase.xcdatamodel */,
			);
			currentVersion = 70AC5FFE2A45C99B00467F2C /* MovieDatabase.xcdatamodel */;
			path = MovieDatabase.xcdatamodeld;
			sourceTree = "<group>";
			versionGroupType = wrapper.xcdatamodel;
		};
/* End XCVersionGroup section */
	};
	rootObject = 70AC5FE92A45C99A00467F2C /* Project object */;
}
